
Microsoft Visual Studio Solution File, Format Version 12.00
# Visual Studio 15
VisualStudioVersion = 15.0.27004.2005
MinimumVisualStudioVersion = 10.0.40219.1
Project("{FAE04EC0-301F-11D3-BF4B-00C04F79EFBC}") = "Regular_Expression", "Regular_Expression\Regular_Expression.csproj", "{49A286AB-5909-4A2A-8DC9-8E0F59A7EAC5}"
EndProject
Project("{FAE04EC0-301F-11D3-BF4B-00C04F79EFBC}") = "Regular_UI", "Regular_UI\Regular_UI.csproj", "{73126217-135F-46F5-BA41-CA68C872C2E1}"
EndProject
Project("{FAE04EC0-301F-11D3-BF4B-00C04F79EFBC}") = "PersonSeriali", "PersonSeriali\PersonSeriali.csproj", "{C4821A5D-4731-40B7-B5BA-51817ADF6779}"
EndProject
Project("{FAE04EC0-301F-11D3-BF4B-00C04F79EFBC}") = "PersonSerialiTests", "PersonSerialiTests\PersonSerialiTests.csproj", "{45C511FA-9592-4A6E-85CD-577B34C97AA9}"
EndProject
Project("{FAE04EC0-301F-11D3-BF4B-00C04F79EFBC}") = "Threadinger", "Threadinger\Threadinger.csproj", "{47901EA7-3744-41BC-9CB9-2664B6F711AA}"
EndProject
Project("{FAE04EC0-301F-11D3-BF4B-00C04F79EFBC}") = "SingleInstance", "SingleInstance\SingleInstance.csproj", "{6162B63F-B27E-45B9-865B-1BAC8218DD81}"
EndProject
Project("{FAE04EC0-301F-11D3-BF4B-00C04F79EFBC}") = "ThreadPoolDemo", "ThreadPoolDemo\ThreadPoolDemo.csproj", "{ECED634B-C4D4-4CE7-A12B-CEF1691FF7D3}"
EndProject
Global
	GlobalSection(SolutionConfigurationPlatforms) = preSolution
		Debug|Any CPU = Debug|Any CPU
		Debug|ARM = Debug|ARM
		Debug|x64 = Debug|x64
		Debug|x86 = Debug|x86
		Release|Any CPU = Release|Any CPU
		Release|ARM = Release|ARM
		Release|x64 = Release|x64
		Release|x86 = Release|x86
	EndGlobalSection
	GlobalSection(ProjectConfigurationPlatforms) = postSolution
		{49A286AB-5909-4A2A-8DC9-8E0F59A7EAC5}.Debug|Any CPU.ActiveCfg = Debug|Any CPU
		{49A286AB-5909-4A2A-8DC9-8E0F59A7EAC5}.Debug|Any CPU.Build.0 = Debug|Any CPU
		{49A286AB-5909-4A2A-8DC9-8E0F59A7EAC5}.Debug|ARM.ActiveCfg = Debug|Any CPU
		{49A286AB-5909-4A2A-8DC9-8E0F59A7EAC5}.Debug|ARM.Build.0 = Debug|Any CPU
		{49A286AB-5909-4A2A-8DC9-8E0F59A7EAC5}.Debug|x64.ActiveCfg = Debug|Any CPU
		{49A286AB-5909-4A2A-8DC9-8E0F59A7EAC5}.Debug|x64.Build.0 = Debug|Any CPU
		{49A286AB-5909-4A2A-8DC9-8E0F59A7EAC5}.Debug|x86.ActiveCfg = Debug|Any CPU
		{49A286AB-5909-4A2A-8DC9-8E0F59A7EAC5}.Debug|x86.Build.0 = Debug|Any CPU
		{49A286AB-5909-4A2A-8DC9-8E0F59A7EAC5}.Release|Any CPU.ActiveCfg = Release|Any CPU
		{49A286AB-5909-4A2A-8DC9-8E0F59A7EAC5}.Release|Any CPU.Build.0 = Release|Any CPU
		{49A286AB-5909-4A2A-8DC9-8E0F59A7EAC5}.Release|ARM.ActiveCfg = Release|Any CPU
		{49A286AB-5909-4A2A-8DC9-8E0F59A7EAC5}.Release|ARM.Build.0 = Release|Any CPU
		{49A286AB-5909-4A2A-8DC9-8E0F59A7EAC5}.Release|x64.ActiveCfg = Release|Any CPU
		{49A286AB-5909-4A2A-8DC9-8E0F59A7EAC5}.Release|x64.Build.0 = Release|Any CPU
		{49A286AB-5909-4A2A-8DC9-8E0F59A7EAC5}.Release|x86.ActiveCfg = Release|Any CPU
		{49A286AB-5909-4A2A-8DC9-8E0F59A7EAC5}.Release|x86.Build.0 = Release|Any CPU
		{73126217-135F-46F5-BA41-CA68C872C2E1}.Debug|Any CPU.ActiveCfg = Debug|Any CPU
		{73126217-135F-46F5-BA41-CA68C872C2E1}.Debug|Any CPU.Build.0 = Debug|Any CPU
		{73126217-135F-46F5-BA41-CA68C872C2E1}.Debug|ARM.ActiveCfg = Debug|Any CPU
		{73126217-135F-46F5-BA41-CA68C872C2E1}.Debug|ARM.Build.0 = Debug|Any CPU
		{73126217-135F-46F5-BA41-CA68C872C2E1}.Debug|x64.ActiveCfg = Debug|Any CPU
		{73126217-135F-46F5-BA41-CA68C872C2E1}.Debug|x64.Build.0 = Debug|Any CPU
		{73126217-135F-46F5-BA41-CA68C872C2E1}.Debug|x86.ActiveCfg = Debug|Any CPU
		{73126217-135F-46F5-BA41-CA68C872C2E1}.Debug|x86.Build.0 = Debug|Any CPU
		{73126217-135F-46F5-BA41-CA68C872C2E1}.Release|Any CPU.ActiveCfg = Release|Any CPU
		{73126217-135F-46F5-BA41-CA68C872C2E1}.Release|Any CPU.Build.0 = Release|Any CPU
		{73126217-135F-46F5-BA41-CA68C872C2E1}.Release|ARM.ActiveCfg = Release|Any CPU
		{73126217-135F-46F5-BA41-CA68C872C2E1}.Release|ARM.Build.0 = Release|Any CPU
		{73126217-135F-46F5-BA41-CA68C872C2E1}.Release|x64.ActiveCfg = Release|Any CPU
		{73126217-135F-46F5-BA41-CA68C872C2E1}.Release|x64.Build.0 = Release|Any CPU
		{73126217-135F-46F5-BA41-CA68C872C2E1}.Release|x86.ActiveCfg = Release|Any CPU
		{73126217-135F-46F5-BA41-CA68C872C2E1}.Release|x86.Build.0 = Release|Any CPU
		{C4821A5D-4731-40B7-B5BA-51817ADF6779}.Debug|Any CPU.ActiveCfg = Debug|Any CPU
		{C4821A5D-4731-40B7-B5BA-51817ADF6779}.Debug|Any CPU.Build.0 = Debug|Any CPU
		{C4821A5D-4731-40B7-B5BA-51817ADF6779}.Debug|ARM.ActiveCfg = Debug|Any CPU
		{C4821A5D-4731-40B7-B5BA-51817ADF6779}.Debug|ARM.Build.0 = Debug|Any CPU
		{C4821A5D-4731-40B7-B5BA-51817ADF6779}.Debug|x64.ActiveCfg = Debug|Any CPU
		{C4821A5D-4731-40B7-B5BA-51817ADF6779}.Debug|x64.Build.0 = Debug|Any CPU
		{C4821A5D-4731-40B7-B5BA-51817ADF6779}.Debug|x86.ActiveCfg = Debug|Any CPU
		{C4821A5D-4731-40B7-B5BA-51817ADF6779}.Debug|x86.Build.0 = Debug|Any CPU
		{C4821A5D-4731-40B7-B5BA-51817ADF6779}.Release|Any CPU.ActiveCfg = Release|Any CPU
		{C4821A5D-4731-40B7-B5BA-51817ADF6779}.Release|Any CPU.Build.0 = Release|Any CPU
		{C4821A5D-4731-40B7-B5BA-51817ADF6779}.Release|ARM.ActiveCfg = Release|Any CPU
		{C4821A5D-4731-40B7-B5BA-51817ADF6779}.Release|ARM.Build.0 = Release|Any CPU
		{C4821A5D-4731-40B7-B5BA-51817ADF6779}.Release|x64.ActiveCfg = Release|Any CPU
		{C4821A5D-4731-40B7-B5BA-51817ADF6779}.Release|x64.Build.0 = Release|Any CPU
		{C4821A5D-4731-40B7-B5BA-51817ADF6779}.Release|x86.ActiveCfg = Release|Any CPU
		{C4821A5D-4731-40B7-B5BA-51817ADF6779}.Release|x86.Build.0 = Release|Any CPU
		{45C511FA-9592-4A6E-85CD-577B34C97AA9}.Debug|Any CPU.ActiveCfg = Debug|Any CPU
		{45C511FA-9592-4A6E-85CD-577B34C97AA9}.Debug|Any CPU.Build.0 = Debug|Any CPU
		{45C511FA-9592-4A6E-85CD-577B34C97AA9}.Debug|ARM.ActiveCfg = Debug|Any CPU
		{45C511FA-9592-4A6E-85CD-577B34C97AA9}.Debug|ARM.Build.0 = Debug|Any CPU
		{45C511FA-9592-4A6E-85CD-577B34C97AA9}.Debug|x64.ActiveCfg = Debug|Any CPU
		{45C511FA-9592-4A6E-85CD-577B34C97AA9}.Debug|x64.Build.0 = Debug|Any CPU
		{45C511FA-9592-4A6E-85CD-577B34C97AA9}.Debug|x86.ActiveCfg = Debug|Any CPU
		{45C511FA-9592-4A6E-85CD-577B34C97AA9}.Debug|x86.Build.0 = Debug|Any CPU
		{45C511FA-9592-4A6E-85CD-577B34C97AA9}.Release|Any CPU.ActiveCfg = Release|Any CPU
		{45C511FA-9592-4A6E-85CD-577B34C97AA9}.Release|Any CPU.Build.0 = Release|Any CPU
		{45C511FA-9592-4A6E-85CD-577B34C97AA9}.Release|ARM.ActiveCfg = Release|Any CPU
		{45C511FA-9592-4A6E-85CD-577B34C97AA9}.Release|ARM.Build.0 = Release|Any CPU
		{45C511FA-9592-4A6E-85CD-577B34C97AA9}.Release|x64.ActiveCfg = Release|Any CPU
		{45C511FA-9592-4A6E-85CD-577B34C97AA9}.Release|x64.Build.0 = Release|Any CPU
		{45C511FA-9592-4A6E-85CD-577B34C97AA9}.Release|x86.ActiveCfg = Release|Any CPU
		{45C511FA-9592-4A6E-85CD-577B34C97AA9}.Release|x86.Build.0 = Release|Any CPU
		{47901EA7-3744-41BC-9CB9-2664B6F711AA}.Debug|Any CPU.ActiveCfg = Debug|Any CPU
		{47901EA7-3744-41BC-9CB9-2664B6F711AA}.Debug|Any CPU.Build.0 = Debug|Any CPU
		{47901EA7-3744-41BC-9CB9-2664B6F711AA}.Debug|ARM.ActiveCfg = Debug|Any CPU
		{47901EA7-3744-41BC-9CB9-2664B6F711AA}.Debug|ARM.Build.0 = Debug|Any CPU
		{47901EA7-3744-41BC-9CB9-2664B6F711AA}.Debug|x64.ActiveCfg = Debug|Any CPU
		{47901EA7-3744-41BC-9CB9-2664B6F711AA}.Debug|x64.Build.0 = Debug|Any CPU
		{47901EA7-3744-41BC-9CB9-2664B6F711AA}.Debug|x86.ActiveCfg = Debug|Any CPU
		{47901EA7-3744-41BC-9CB9-2664B6F711AA}.Debug|x86.Build.0 = Debug|Any CPU
		{47901EA7-3744-41BC-9CB9-2664B6F711AA}.Release|Any CPU.ActiveCfg = Release|Any CPU
		{47901EA7-3744-41BC-9CB9-2664B6F711AA}.Release|Any CPU.Build.0 = Release|Any CPU
		{47901EA7-3744-41BC-9CB9-2664B6F711AA}.Release|ARM.ActiveCfg = Release|Any CPU
		{47901EA7-3744-41BC-9CB9-2664B6F711AA}.Release|ARM.Build.0 = Release|Any CPU
		{47901EA7-3744-41BC-9CB9-2664B6F711AA}.Release|x64.ActiveCfg = Release|Any CPU
		{47901EA7-3744-41BC-9CB9-2664B6F711AA}.Release|x64.Build.0 = Release|Any CPU
		{47901EA7-3744-41BC-9CB9-2664B6F711AA}.Release|x86.ActiveCfg = Release|Any CPU
		{47901EA7-3744-41BC-9CB9-2664B6F711AA}.Release|x86.Build.0 = Release|Any CPU
		{6162B63F-B27E-45B9-865B-1BAC8218DD81}.Debug|Any CPU.ActiveCfg = Debug|Any CPU
		{6162B63F-B27E-45B9-865B-1BAC8218DD81}.Debug|Any CPU.Build.0 = Debug|Any CPU
		{6162B63F-B27E-45B9-865B-1BAC8218DD81}.Debug|ARM.ActiveCfg = Debug|Any CPU
		{6162B63F-B27E-45B9-865B-1BAC8218DD81}.Debug|ARM.Build.0 = Debug|Any CPU
		{6162B63F-B27E-45B9-865B-1BAC8218DD81}.Debug|x64.ActiveCfg = Debug|Any CPU
		{6162B63F-B27E-45B9-865B-1BAC8218DD81}.Debug|x64.Build.0 = Debug|Any CPU
		{6162B63F-B27E-45B9-865B-1BAC8218DD81}.Debug|x86.ActiveCfg = Debug|Any CPU
		{6162B63F-B27E-45B9-865B-1BAC8218DD81}.Debug|x86.Build.0 = Debug|Any CPU
		{6162B63F-B27E-45B9-865B-1BAC8218DD81}.Release|Any CPU.ActiveCfg = Release|Any CPU
		{6162B63F-B27E-45B9-865B-1BAC8218DD81}.Release|Any CPU.Build.0 = Release|Any CPU
		{6162B63F-B27E-45B9-865B-1BAC8218DD81}.Release|ARM.ActiveCfg = Release|Any CPU
		{6162B63F-B27E-45B9-865B-1BAC8218DD81}.Release|ARM.Build.0 = Release|Any CPU
		{6162B63F-B27E-45B9-865B-1BAC8218DD81}.Release|x64.ActiveCfg = Release|Any CPU
		{6162B63F-B27E-45B9-865B-1BAC8218DD81}.Release|x64.Build.0 = Release|Any CPU
		{6162B63F-B27E-45B9-865B-1BAC8218DD81}.Release|x86.ActiveCfg = Release|Any CPU
		{6162B63F-B27E-45B9-865B-1BAC8218DD81}.Release|x86.Build.0 = Release|Any CPU
		{ECED634B-C4D4-4CE7-A12B-CEF1691FF7D3}.Debug|Any CPU.ActiveCfg = Debug|Any CPU
		{ECED634B-C4D4-4CE7-A12B-CEF1691FF7D3}.Debug|Any CPU.Build.0 = Debug|Any CPU
		{ECED634B-C4D4-4CE7-A12B-CEF1691FF7D3}.Debug|ARM.ActiveCfg = Debug|Any CPU
		{ECED634B-C4D4-4CE7-A12B-CEF1691FF7D3}.Debug|ARM.Build.0 = Debug|Any CPU
		{ECED634B-C4D4-4CE7-A12B-CEF1691FF7D3}.Debug|x64.ActiveCfg = Debug|Any CPU
		{ECED634B-C4D4-4CE7-A12B-CEF1691FF7D3}.Debug|x64.Build.0 = Debug|Any CPU
		{ECED634B-C4D4-4CE7-A12B-CEF1691FF7D3}.Debug|x86.ActiveCfg = Debug|Any CPU
		{ECED634B-C4D4-4CE7-A12B-CEF1691FF7D3}.Debug|x86.Build.0 = Debug|Any CPU
		{ECED634B-C4D4-4CE7-A12B-CEF1691FF7D3}.Release|Any CPU.ActiveCfg = Release|Any CPU
		{ECED634B-C4D4-4CE7-A12B-CEF1691FF7D3}.Release|Any CPU.Build.0 = Release|Any CPU
		{ECED634B-C4D4-4CE7-A12B-CEF1691FF7D3}.Release|ARM.ActiveCfg = Release|Any CPU
		{ECED634B-C4D4-4CE7-A12B-CEF1691FF7D3}.Release|ARM.Build.0 = Release|Any CPU
		{ECED634B-C4D4-4CE7-A12B-CEF1691FF7D3}.Release|x64.ActiveCfg = Release|Any CPU
		{ECED634B-C4D4-4CE7-A12B-CEF1691FF7D3}.Release|x64.Build.0 = Release|Any CPU
		{ECED634B-C4D4-4CE7-A12B-CEF1691FF7D3}.Release|x86.ActiveCfg = Release|Any CPU
		{ECED634B-C4D4-4CE7-A12B-CEF1691FF7D3}.Release|x86.Build.0 = Release|Any CPU
	EndGlobalSection
	GlobalSection(SolutionProperties) = preSolution
		HideSolutionNode = FALSE
	EndGlobalSection
	GlobalSection(ExtensibilityGlobals) = postSolution
		SolutionGuid = {9C8B238C-A16C-44A9-94F2-9A6709E4EF26}
	EndGlobalSection
EndGlobal
